
Microsoft Visual Studio Solution File, Format Version 12.00
# Visual Studio Version 17
VisualStudioVersion = 17.3.32819.101
MinimumVisualStudioVersion = 10.0.40219.1
Project("{FAE04EC0-301F-11D3-BF4B-00C04F79EFBC}") = "Steuern_Dean_Eichmann", "Steuern_Dean_Eichmann\Steuern_Dean_Eichmann.csproj", "{97091116-3A47-455B-A733-029C4FE75FAF}"
EndProject
Global
	GlobalSection(SolutionConfigurationPlatforms) = preSolution
		Debug|Any CPU = Debug|Any CPU
		Release|Any CPU = Release|Any CPU
	EndGlobalSection
	GlobalSection(ProjectConfigurationPlatforms) = postSolution
		{97091116-3A47-455B-A733-029C4FE75FAF}.Debug|Any CPU.ActiveCfg = Debug|Any CPU
		{97091116-3A47-455B-A733-029C4FE75FAF}.Debug|Any CPU.Build.0 = Debug|Any CPU
		{97091116-3A47-455B-A733-029C4FE75FAF}.Release|Any CPU.ActiveCfg = Release|Any CPU
		{97091116-3A47-455B-A733-029C4FE75FAF}.Release|Any CPU.Build.0 = Release|Any CPU
	EndGlobalSection
	GlobalSection(SolutionProperties) = preSolution
		HideSolutionNode = FALSE
	EndGlobalSection
	GlobalSection(ExtensibilityGlobals) = postSolution
		SolutionGuid = {65CDF0CF-5EEB-4AFF-A63B-003170171A09}
	EndGlobalSection
EndGlobal
